
Microsoft Visual Studio Solution File, Format Version 12.00
# Visual Studio Version 17
VisualStudioVersion = 17.4.33103.184
MinimumVisualStudioVersion = 10.0.40219.1
Project("{FAE04EC0-301F-11D3-BF4B-00C04F79EFBC}") = "MyApp", "MyApp\MyApp.csproj", "{CDEC384B-6791-4FAF-812C-4DCF3E0D1CF5}"
EndProject
Project("{FAE04EC0-301F-11D3-BF4B-00C04F79EFBC}") = "MyAppTest", "MyAppTest\MyAppTest.csproj", "{00BE2204-6BA1-4B9F-925A-2D33E9D5BFB1}"
EndProject
Global
	GlobalSection(SolutionConfigurationPlatforms) = preSolution
		Debug|Any CPU = Debug|Any CPU
		Release|Any CPU = Release|Any CPU
	EndGlobalSection
	GlobalSection(ProjectConfigurationPlatforms) = postSolution
		{CDEC384B-6791-4FAF-812C-4DCF3E0D1CF5}.Debug|Any CPU.ActiveCfg = Debug|Any CPU
		{CDEC384B-6791-4FAF-812C-4DCF3E0D1CF5}.Debug|Any CPU.Build.0 = Debug|Any CPU
		{CDEC384B-6791-4FAF-812C-4DCF3E0D1CF5}.Release|Any CPU.ActiveCfg = Release|Any CPU
		{CDEC384B-6791-4FAF-812C-4DCF3E0D1CF5}.Release|Any CPU.Build.0 = Release|Any CPU
		{00BE2204-6BA1-4B9F-925A-2D33E9D5BFB1}.Debug|Any CPU.ActiveCfg = Debug|Any CPU
		{00BE2204-6BA1-4B9F-925A-2D33E9D5BFB1}.Debug|Any CPU.Build.0 = Debug|Any CPU
		{00BE2204-6BA1-4B9F-925A-2D33E9D5BFB1}.Release|Any CPU.ActiveCfg = Release|Any CPU
		{00BE2204-6BA1-4B9F-925A-2D33E9D5BFB1}.Release|Any CPU.Build.0 = Release|Any CPU
	EndGlobalSection
	GlobalSection(SolutionProperties) = preSolution
		HideSolutionNode = FALSE
	EndGlobalSection
	GlobalSection(ExtensibilityGlobals) = postSolution
		SolutionGuid = {659D6C51-B1AD-4F49-B0DD-1170C3B2FAE4}
	EndGlobalSection
EndGlobal
